// !$*UTF8*$!
{
	archiveVersion = 1;
	classes = {
	};
	objectVersion = 46;
	objects = {

/* Begin PBXBuildFile section */
		B3E7B58A1CC2AC0600A0062D /* RNUmengShare.m in Sources */ = {isa = PBXBuildFile; fileRef = B3E7B5891CC2AC0600A0062D /* RNUmengShare.m */; };
		C497F53F1F6BDB1800D93D0F /* libSocialQQ.a in Frameworks */ = {isa = PBXBuildFile; fileRef = C497F52D1F6BDB1800D93D0F /* libSocialQQ.a */; };
		C497F5401F6BDB1800D93D0F /* libSocialWeChat.a in Frameworks */ = {isa = PBXBuildFile; fileRef = C497F5301F6BDB1800D93D0F /* libSocialWeChat.a */; };
		C497F5411F6BDB1800D93D0F /* UMSocialCore.framework in Frameworks */ = {isa = PBXBuildFile; fileRef = C497F5331F6BDB1800D93D0F /* UMSocialCore.framework */; };
		C497F5421F6BDB1800D93D0F /* UMSocialNetwork.framework in Frameworks */ = {isa = PBXBuildFile; fileRef = C497F5341F6BDB1800D93D0F /* UMSocialNetwork.framework */; };
		C497F5431F6BDB1800D93D0F /* ShareBundle.m in Sources */ = {isa = PBXBuildFile; fileRef = C497F5381F6BDB1800D93D0F /* ShareBundle.m */; };
		C497F5441F6BDB1800D93D0F /* ShareButton.m in Sources */ = {isa = PBXBuildFile; fileRef = C497F53A1F6BDB1800D93D0F /* ShareButton.m */; };
		C497F5451F6BDB1800D93D0F /* ShareView.m in Sources */ = {isa = PBXBuildFile; fileRef = C497F53C1F6BDB1800D93D0F /* ShareView.m */; };
		C497F5461F6BDB1800D93D0F /* UIView+Extension.m in Sources */ = {isa = PBXBuildFile; fileRef = C497F53E1F6BDB1800D93D0F /* UIView+Extension.m */; };
		C497F5491F6BDB2100D93D0F /* ShareHelp.m in Sources */ = {isa = PBXBuildFile; fileRef = C497F5481F6BDB2100D93D0F /* ShareHelp.m */; };
/* End PBXBuildFile section */

/* Begin PBXCopyFilesBuildPhase section */
		58B511D91A9E6C8500147676 /* CopyFiles */ = {
			isa = PBXCopyFilesBuildPhase;
			buildActionMask = 2147483647;
			dstPath = "include/$(PRODUCT_NAME)";
			dstSubfolderSpec = 16;
			files = (
			);
			runOnlyForDeploymentPostprocessing = 0;
		};
/* End PBXCopyFilesBuildPhase section */

/* Begin PBXFileReference section */
		134814201AA4EA6300B7C361 /* libRNUmengShare.a */ = {isa = PBXFileReference; explicitFileType = archive.ar; includeInIndex = 0; path = libRNUmengShare.a; sourceTree = BUILT_PRODUCTS_DIR; };
		B3E7B5881CC2AC0600A0062D /* RNUmengShare.h */ = {isa = PBXFileReference; fileEncoding = 4; lastKnownFileType = sourcecode.c.h; path = RNUmengShare.h; sourceTree = "<group>"; };
		B3E7B5891CC2AC0600A0062D /* RNUmengShare.m */ = {isa = PBXFileReference; fileEncoding = 4; lastKnownFileType = sourcecode.c.objc; path = RNUmengShare.m; sourceTree = "<group>"; };
		C497F5201F6BDB1800D93D0F /* public_close.png */ = {isa = PBXFileReference; lastKnownFileType = image.png; path = public_close.png; sourceTree = "<group>"; };
		C497F5211F6BDB1800D93D0F /* public_close@2x.png */ = {isa = PBXFileReference; lastKnownFileType = image.png; path = "public_close@2x.png"; sourceTree = "<group>"; };
		C497F5221F6BDB1800D93D0F /* share_circle.png */ = {isa = PBXFileReference; lastKnownFileType = image.png; path = share_circle.png; sourceTree = "<group>"; };
		C497F5231F6BDB1800D93D0F /* share_circle@2x.png */ = {isa = PBXFileReference; lastKnownFileType = image.png; path = "share_circle@2x.png"; sourceTree = "<group>"; };
		C497F5241F6BDB1800D93D0F /* share_QQ.png */ = {isa = PBXFileReference; lastKnownFileType = image.png; path = share_QQ.png; sourceTree = "<group>"; };
		C497F5251F6BDB1800D93D0F /* share_QQ@2x.png */ = {isa = PBXFileReference; lastKnownFileType = image.png; path = "share_QQ@2x.png"; sourceTree = "<group>"; };
		C497F5261F6BDB1800D93D0F /* share_Qzone.png */ = {isa = PBXFileReference; lastKnownFileType = image.png; path = share_Qzone.png; sourceTree = "<group>"; };
		C497F5271F6BDB1800D93D0F /* share_Qzone@2x.png */ = {isa = PBXFileReference; lastKnownFileType = image.png; path = "share_Qzone@2x.png"; sourceTree = "<group>"; };
		C497F5281F6BDB1800D93D0F /* share_wechat.png */ = {isa = PBXFileReference; lastKnownFileType = image.png; path = share_wechat.png; sourceTree = "<group>"; };
		C497F5291F6BDB1800D93D0F /* share_wechat@2x.png */ = {isa = PBXFileReference; lastKnownFileType = image.png; path = "share_wechat@2x.png"; sourceTree = "<group>"; };
		C497F52A1F6BDB1800D93D0F /* ShareResource.bundle */ = {isa = PBXFileReference; lastKnownFileType = "wrapper.plug-in"; path = ShareResource.bundle; sourceTree = "<group>"; };
		C497F52D1F6BDB1800D93D0F /* libSocialQQ.a */ = {isa = PBXFileReference; lastKnownFileType = archive.ar; path = libSocialQQ.a; sourceTree = "<group>"; };
		C497F52E1F6BDB1800D93D0F /* UMSocialQQHandler.h */ = {isa = PBXFileReference; fileEncoding = 4; lastKnownFileType = sourcecode.c.h; path = UMSocialQQHandler.h; sourceTree = "<group>"; };
		C497F5301F6BDB1800D93D0F /* libSocialWeChat.a */ = {isa = PBXFileReference; lastKnownFileType = archive.ar; path = libSocialWeChat.a; sourceTree = "<group>"; };
		C497F5311F6BDB1800D93D0F /* UMSocialWechatHandler.h */ = {isa = PBXFileReference; fileEncoding = 4; lastKnownFileType = sourcecode.c.h; path = UMSocialWechatHandler.h; sourceTree = "<group>"; };
		C497F5331F6BDB1800D93D0F /* UMSocialCore.framework */ = {isa = PBXFileReference; lastKnownFileType = wrapper.framework; path = UMSocialCore.framework; sourceTree = "<group>"; };
		C497F5341F6BDB1800D93D0F /* UMSocialNetwork.framework */ = {isa = PBXFileReference; lastKnownFileType = wrapper.framework; path = UMSocialNetwork.framework; sourceTree = "<group>"; };
		C497F5351F6BDB1800D93D0F /* UMSocialSDKPromptResources.bundle */ = {isa = PBXFileReference; lastKnownFileType = "wrapper.plug-in"; path = UMSocialSDKPromptResources.bundle; sourceTree = "<group>"; };
		C497F5371F6BDB1800D93D0F /* ShareBundle.h */ = {isa = PBXFileReference; fileEncoding = 4; lastKnownFileType = sourcecode.c.h; path = ShareBundle.h; sourceTree = "<group>"; };
		C497F5381F6BDB1800D93D0F /* ShareBundle.m */ = {isa = PBXFileReference; fileEncoding = 4; lastKnownFileType = sourcecode.c.objc; path = ShareBundle.m; sourceTree = "<group>"; };
		C497F5391F6BDB1800D93D0F /* ShareButton.h */ = {isa = PBXFileReference; fileEncoding = 4; lastKnownFileType = sourcecode.c.h; path = ShareButton.h; sourceTree = "<group>"; };
		C497F53A1F6BDB1800D93D0F /* ShareButton.m */ = {isa = PBXFileReference; fileEncoding = 4; lastKnownFileType = sourcecode.c.objc; path = ShareButton.m; sourceTree = "<group>"; };
		C497F53B1F6BDB1800D93D0F /* ShareView.h */ = {isa = PBXFileReference; fileEncoding = 4; lastKnownFileType = sourcecode.c.h; path = ShareView.h; sourceTree = "<group>"; };
		C497F53C1F6BDB1800D93D0F /* ShareView.m */ = {isa = PBXFileReference; fileEncoding = 4; lastKnownFileType = sourcecode.c.objc; path = ShareView.m; sourceTree = "<group>"; };
		C497F53D1F6BDB1800D93D0F /* UIView+Extension.h */ = {isa = PBXFileReference; fileEncoding = 4; lastKnownFileType = sourcecode.c.h; path = "UIView+Extension.h"; sourceTree = "<group>"; };
		C497F53E1F6BDB1800D93D0F /* UIView+Extension.m */ = {isa = PBXFileReference; fileEncoding = 4; lastKnownFileType = sourcecode.c.objc; path = "UIView+Extension.m"; sourceTree = "<group>"; };
		C497F5471F6BDB2100D93D0F /* ShareHelp.h */ = {isa = PBXFileReference; fileEncoding = 4; lastKnownFileType = sourcecode.c.h; path = ShareHelp.h; sourceTree = "<group>"; };
		C497F5481F6BDB2100D93D0F /* ShareHelp.m */ = {isa = PBXFileReference; fileEncoding = 4; lastKnownFileType = sourcecode.c.objc; path = ShareHelp.m; sourceTree = "<group>"; };
/* End PBXFileReference section */

/* Begin PBXFrameworksBuildPhase section */
		58B511D81A9E6C8500147676 /* Frameworks */ = {
			isa = PBXFrameworksBuildPhase;
			buildActionMask = 2147483647;
			files = (
				C497F5421F6BDB1800D93D0F /* UMSocialNetwork.framework in Frameworks */,
				C497F5401F6BDB1800D93D0F /* libSocialWeChat.a in Frameworks */,
				C497F5411F6BDB1800D93D0F /* UMSocialCore.framework in Frameworks */,
				C497F53F1F6BDB1800D93D0F /* libSocialQQ.a in Frameworks */,
			);
			runOnlyForDeploymentPostprocessing = 0;
		};
/* End PBXFrameworksBuildPhase section */

/* Begin PBXGroup section */
		134814211AA4EA7D00B7C361 /* Products */ = {
			isa = PBXGroup;
			children = (
				134814201AA4EA6300B7C361 /* libRNUmengShare.a */,
			);
			name = Products;
			sourceTree = "<group>";
		};
		58B511D21A9E6C8500147676 = {
			isa = PBXGroup;
			children = (
				C497F51E1F6BDB1800D93D0F /* Share */,
				B3E7B5881CC2AC0600A0062D /* RNUmengShare.h */,
				B3E7B5891CC2AC0600A0062D /* RNUmengShare.m */,
				C497F5471F6BDB2100D93D0F /* ShareHelp.h */,
				C497F5481F6BDB2100D93D0F /* ShareHelp.m */,
				134814211AA4EA7D00B7C361 /* Products */,
			);
			sourceTree = "<group>";
		};
		C497F51E1F6BDB1800D93D0F /* Share */ = {
			isa = PBXGroup;
			children = (
				C497F51F1F6BDB1800D93D0F /* Image */,
				C497F52A1F6BDB1800D93D0F /* ShareResource.bundle */,
				C497F52B1F6BDB1800D93D0F /* SocialLibraries */,
				C497F5321F6BDB1800D93D0F /* UMSocialSDK */,
				C497F5361F6BDB1800D93D0F /* View */,
			);
			path = Share;
			sourceTree = "<group>";
		};
		C497F51F1F6BDB1800D93D0F /* Image */ = {
			isa = PBXGroup;
			children = (
				C497F5201F6BDB1800D93D0F /* public_close.png */,
				C497F5211F6BDB1800D93D0F /* public_close@2x.png */,
				C497F5221F6BDB1800D93D0F /* share_circle.png */,
				C497F5231F6BDB1800D93D0F /* share_circle@2x.png */,
				C497F5241F6BDB1800D93D0F /* share_QQ.png */,
				C497F5251F6BDB1800D93D0F /* share_QQ@2x.png */,
				C497F5261F6BDB1800D93D0F /* share_Qzone.png */,
				C497F5271F6BDB1800D93D0F /* share_Qzone@2x.png */,
				C497F5281F6BDB1800D93D0F /* share_wechat.png */,
				C497F5291F6BDB1800D93D0F /* share_wechat@2x.png */,
			);
			path = Image;
			sourceTree = "<group>";
		};
		C497F52B1F6BDB1800D93D0F /* SocialLibraries */ = {
			isa = PBXGroup;
			children = (
				C497F52C1F6BDB1800D93D0F /* QQ */,
				C497F52F1F6BDB1800D93D0F /* WeChat */,
			);
			path = SocialLibraries;
			sourceTree = "<group>";
		};
		C497F52C1F6BDB1800D93D0F /* QQ */ = {
			isa = PBXGroup;
			children = (
				C497F52D1F6BDB1800D93D0F /* libSocialQQ.a */,
				C497F52E1F6BDB1800D93D0F /* UMSocialQQHandler.h */,
			);
			path = QQ;
			sourceTree = "<group>";
		};
		C497F52F1F6BDB1800D93D0F /* WeChat */ = {
			isa = PBXGroup;
			children = (
				C497F5301F6BDB1800D93D0F /* libSocialWeChat.a */,
				C497F5311F6BDB1800D93D0F /* UMSocialWechatHandler.h */,
			);
			path = WeChat;
			sourceTree = "<group>";
		};
		C497F5321F6BDB1800D93D0F /* UMSocialSDK */ = {
			isa = PBXGroup;
			children = (
				C497F5331F6BDB1800D93D0F /* UMSocialCore.framework */,
				C497F5341F6BDB1800D93D0F /* UMSocialNetwork.framework */,
				C497F5351F6BDB1800D93D0F /* UMSocialSDKPromptResources.bundle */,
			);
			path = UMSocialSDK;
			sourceTree = "<group>";
		};
		C497F5361F6BDB1800D93D0F /* View */ = {
			isa = PBXGroup;
			children = (
				C497F5371F6BDB1800D93D0F /* ShareBundle.h */,
				C497F5381F6BDB1800D93D0F /* ShareBundle.m */,
				C497F5391F6BDB1800D93D0F /* ShareButton.h */,
				C497F53A1F6BDB1800D93D0F /* ShareButton.m */,
				C497F53B1F6BDB1800D93D0F /* ShareView.h */,
				C497F53C1F6BDB1800D93D0F /* ShareView.m */,
				C497F53D1F6BDB1800D93D0F /* UIView+Extension.h */,
				C497F53E1F6BDB1800D93D0F /* UIView+Extension.m */,
			);
			path = View;
			sourceTree = "<group>";
		};
/* End PBXGroup section */

/* Begin PBXNativeTarget section */
		58B511DA1A9E6C8500147676 /* RNUmengShare */ = {
			isa = PBXNativeTarget;
			buildConfigurationList = 58B511EF1A9E6C8500147676 /* Build configuration list for PBXNativeTarget "RNUmengShare" */;
			buildPhases = (
				58B511D71A9E6C8500147676 /* Sources */,
				58B511D81A9E6C8500147676 /* Frameworks */,
				58B511D91A9E6C8500147676 /* CopyFiles */,
			);
			buildRules = (
			);
			dependencies = (
			);
			name = RNUmengShare;
			productName = RCTDataManager;
			productReference = 134814201AA4EA6300B7C361 /* libRNUmengShare.a */;
			productType = "com.apple.product-type.library.static";
		};
/* End PBXNativeTarget section */

/* Begin PBXProject section */
		58B511D31A9E6C8500147676 /* Project object */ = {
			isa = PBXProject;
			attributes = {
				LastUpgradeCheck = 0610;
				ORGANIZATIONNAME = Facebook;
				TargetAttributes = {
					58B511DA1A9E6C8500147676 = {
						CreatedOnToolsVersion = 6.1.1;
					};
				};
			};
			buildConfigurationList = 58B511D61A9E6C8500147676 /* Build configuration list for PBXProject "RNUmengShare" */;
			compatibilityVersion = "Xcode 3.2";
			developmentRegion = English;
			hasScannedForEncodings = 0;
			knownRegions = (
				en,
			);
			mainGroup = 58B511D21A9E6C8500147676;
			productRefGroup = 58B511D21A9E6C8500147676;
			projectDirPath = "";
			projectRoot = "";
			targets = (
				58B511DA1A9E6C8500147676 /* RNUmengShare */,
			);
		};
/* End PBXProject section */

/* Begin PBXSourcesBuildPhase section */
		58B511D71A9E6C8500147676 /* Sources */ = {
			isa = PBXSourcesBuildPhase;
			buildActionMask = 2147483647;
			files = (
				C497F5461F6BDB1800D93D0F /* UIView+Extension.m in Sources */,
				C497F5451F6BDB1800D93D0F /* ShareView.m in Sources */,
				C497F5441F6BDB1800D93D0F /* ShareButton.m in Sources */,
				B3E7B58A1CC2AC0600A0062D /* RNUmengShare.m in Sources */,
				C497F5491F6BDB2100D93D0F /* ShareHelp.m in Sources */,
				C497F5431F6BDB1800D93D0F /* ShareBundle.m in Sources */,
			);
			runOnlyForDeploymentPostprocessing = 0;
		};
/* End PBXSourcesBuildPhase section */

/* Begin XCBuildConfiguration section */
		58B511ED1A9E6C8500147676 /* Debug */ = {
			isa = XCBuildConfiguration;
			buildSettings = {
				ALWAYS_SEARCH_USER_PATHS = NO;
				CLANG_CXX_LANGUAGE_STANDARD = "gnu++0x";
				CLANG_CXX_LIBRARY = "libc++";
				CLANG_ENABLE_MODULES = YES;
				CLANG_ENABLE_OBJC_ARC = YES;
				CLANG_WARN_BOOL_CONVERSION = YES;
				CLANG_WARN_CONSTANT_CONVERSION = YES;
				CLANG_WARN_DIRECT_OBJC_ISA_USAGE = YES_ERROR;
				CLANG_WARN_EMPTY_BODY = YES;
				CLANG_WARN_ENUM_CONVERSION = YES;
				CLANG_WARN_INT_CONVERSION = YES;
				CLANG_WARN_OBJC_ROOT_CLASS = YES_ERROR;
				CLANG_WARN_UNREACHABLE_CODE = YES;
				CLANG_WARN__DUPLICATE_METHOD_MATCH = YES;
				COPY_PHASE_STRIP = NO;
				ENABLE_STRICT_OBJC_MSGSEND = YES;
				GCC_C_LANGUAGE_STANDARD = gnu99;
				GCC_DYNAMIC_NO_PIC = NO;
				GCC_OPTIMIZATION_LEVEL = 0;
				GCC_PREPROCESSOR_DEFINITIONS = (
					"DEBUG=1",
					"$(inherited)",
				);
				GCC_SYMBOLS_PRIVATE_EXTERN = NO;
				GCC_WARN_64_TO_32_BIT_CONVERSION = YES;
				GCC_WARN_ABOUT_RETURN_TYPE = YES_ERROR;
				GCC_WARN_UNDECLARED_SELECTOR = YES;
				GCC_WARN_UNINITIALIZED_AUTOS = YES_AGGRESSIVE;
				GCC_WARN_UNUSED_FUNCTION = YES;
				GCC_WARN_UNUSED_VARIABLE = YES;
				IPHONEOS_DEPLOYMENT_TARGET = 7.0;
				MTL_ENABLE_DEBUG_INFO = YES;
				ONLY_ACTIVE_ARCH = YES;
				SDKROOT = iphoneos;
			};
			name = Debug;
		};
		58B511EE1A9E6C8500147676 /* Release */ = {
			isa = XCBuildConfiguration;
			buildSettings = {
				ALWAYS_SEARCH_USER_PATHS = NO;
				CLANG_CXX_LANGUAGE_STANDARD = "gnu++0x";
				CLANG_CXX_LIBRARY = "libc++";
				CLANG_ENABLE_MODULES = YES;
				CLANG_ENABLE_OBJC_ARC = YES;
				CLANG_WARN_BOOL_CONVERSION = YES;
				CLANG_WARN_CONSTANT_CONVERSION = YES;
				CLANG_WARN_DIRECT_OBJC_ISA_USAGE = YES_ERROR;
				CLANG_WARN_EMPTY_BODY = YES;
				CLANG_WARN_ENUM_CONVERSION = YES;
				CLANG_WARN_INT_CONVERSION = YES;
				CLANG_WARN_OBJC_ROOT_CLASS = YES_ERROR;
				CLANG_WARN_UNREACHABLE_CODE = YES;
				CLANG_WARN__DUPLICATE_METHOD_MATCH = YES;
				COPY_PHASE_STRIP = YES;
				ENABLE_NS_ASSERTIONS = NO;
				ENABLE_STRICT_OBJC_MSGSEND = YES;
				GCC_C_LANGUAGE_STANDARD = gnu99;
				GCC_WARN_64_TO_32_BIT_CONVERSION = YES;
				GCC_WARN_ABOUT_RETURN_TYPE = YES_ERROR;
				GCC_WARN_UNDECLARED_SELECTOR = YES;
				GCC_WARN_UNINITIALIZED_AUTOS = YES_AGGRESSIVE;
				GCC_WARN_UNUSED_FUNCTION = YES;
				GCC_WARN_UNUSED_VARIABLE = YES;
				IPHONEOS_DEPLOYMENT_TARGET = 7.0;
				MTL_ENABLE_DEBUG_INFO = NO;
				SDKROOT = iphoneos;
				VALIDATE_PRODUCT = YES;
			};
			name = Release;
		};
		58B511F01A9E6C8500147676 /* Debug */ = {
			isa = XCBuildConfiguration;
			buildSettings = {
				FRAMEWORK_SEARCH_PATHS = (
					"$(inherited)",
					"$(PROJECT_DIR)/Share/UMSocialSDK",
				);
				HEADER_SEARCH_PATHS = (
					"$(inherited)",
					/Applications/Xcode.app/Contents/Developer/Toolchains/XcodeDefault.xctoolchain/usr/include,
					"$(SRCROOT)/../../../React/**",
					"$(SRCROOT)/../../react-native/React/**",
				);
				LIBRARY_SEARCH_PATHS = (
					"$(inherited)",
					"$(PROJECT_DIR)/Share/SocialLibraries/QQ",
					"$(PROJECT_DIR)/Share/SocialLibraries/WeChat",
				);
				OTHER_LDFLAGS = "-ObjC";
				PRODUCT_NAME = RNUmengShare;
				SKIP_INSTALL = YES;
			};
			name = Debug;
		};
		58B511F11A9E6C8500147676 /* Release */ = {
			isa = XCBuildConfiguration;
			buildSettings = {
				FRAMEWORK_SEARCH_PATHS = (
					"$(inherited)",
					"$(PROJECT_DIR)/Share/UMSocialSDK",
				);
				HEADER_SEARCH_PATHS = (
					"$(inherited)",
					/Applications/Xcode.app/Contents/Developer/Toolchains/XcodeDefault.xctoolchain/usr/include,
					"$(SRCROOT)/../../../React/**",
					"$(SRCROOT)/../../react-native/React/**",
				);
				LIBRARY_SEARCH_PATHS = (
					"$(inherited)",
					"$(PROJECT_DIR)/Share/SocialLibraries/QQ",
					"$(PROJECT_DIR)/Share/SocialLibraries/WeChat",
				);
				OTHER_LDFLAGS = "-ObjC";
				PRODUCT_NAME = RNUmengShare;
				SKIP_INSTALL = YES;
			};
			name = Release;
		};
		C44F27ED205765B0003C96E6 /* Staging */ = {
			isa = XCBuildConfiguration;
			buildSettings = {
				ALWAYS_SEARCH_USER_PATHS = NO;
				CLANG_CXX_LANGUAGE_STANDARD = "gnu++0x";
				CLANG_CXX_LIBRARY = "libc++";
				CLANG_ENABLE_MODULES = YES;
				CLANG_ENABLE_OBJC_ARC = YES;
				CLANG_WARN_BOOL_CONVERSION = YES;
				CLANG_WARN_CONSTANT_CONVERSION = YES;
				CLANG_WARN_DIRECT_OBJC_ISA_USAGE = YES_ERROR;
				CLANG_WARN_EMPTY_BODY = YES;
				CLANG_WARN_ENUM_CONVERSION = YES;
				CLANG_WARN_INT_CONVERSION = YES;
				CLANG_WARN_OBJC_ROOT_CLASS = YES_ERROR;
				CLANG_WARN_UNREACHABLE_CODE = YES;
				CLANG_WARN__DUPLICATE_METHOD_MATCH = YES;
				COPY_PHASE_STRIP = YES;
				ENABLE_NS_ASSERTIONS = NO;
				ENABLE_STRICT_OBJC_MSGSEND = YES;
				GCC_C_LANGUAGE_STANDARD = gnu99;
				GCC_WARN_64_TO_32_BIT_CONVERSION = YES;
				GCC_WARN_ABOUT_RETURN_TYPE = YES_ERROR;
				GCC_WARN_UNDECLARED_SELECTOR = YES;
				GCC_WARN_UNINITIALIZED_AUTOS = YES_AGGRESSIVE;
				GCC_WARN_UNUSED_FUNCTION = YES;
				GCC_WARN_UNUSED_VARIABLE = YES;
				IPHONEOS_DEPLOYMENT_TARGET = 7.0;
				MTL_ENABLE_DEBUG_INFO = NO;
				SDKROOT = iphoneos;
				VALIDATE_PRODUCT = YES;
			};
			name = Staging;
		};
		C44F27EE205765B0003C96E6 /* Staging */ = {
			isa = XCBuildConfiguration;
			buildSettings = {
				FRAMEWORK_SEARCH_PATHS = (
					"$(inherited)",
					"$(PROJECT_DIR)/Share/UMSocialSDK",
				);
				HEADER_SEARCH_PATHS = (
					"$(inherited)",
					/Applications/Xcode.app/Contents/Developer/Toolchains/XcodeDefault.xctoolchain/usr/include,
					"$(SRCROOT)/../../../React/**",
					"$(SRCROOT)/../../react-native/React/**",
				);
				LIBRARY_SEARCH_PATHS = (
					"$(inherited)",
					"$(PROJECT_DIR)/Share/SocialLibraries/QQ",
					"$(PROJECT_DIR)/Share/SocialLibraries/WeChat",
				);
				OTHER_LDFLAGS = "-ObjC";
				PRODUCT_NAME = RNUmengShare;
				SKIP_INSTALL = YES;
			};
			name = Staging;
		};
/* End XCBuildConfiguration section */

/* Begin XCConfigurationList section */
		58B511D61A9E6C8500147676 /* Build configuration list for PBXProject "RNUmengShare" */ = {
			isa = XCConfigurationList;
			buildConfigurations = (
				58B511ED1A9E6C8500147676 /* Debug */,
				58B511EE1A9E6C8500147676 /* Release */,
				C44F27ED205765B0003C96E6 /* Staging */,
			);
			defaultConfigurationIsVisible = 0;
			defaultConfigurationName = Release;
		};
		58B511EF1A9E6C8500147676 /* Build configuration list for PBXNativeTarget "RNUmengShare" */ = {
			isa = XCConfigurationList;
			buildConfigurations = (
				58B511F01A9E6C8500147676 /* Debug */,
				58B511F11A9E6C8500147676 /* Release */,
				C44F27EE205765B0003C96E6 /* Staging */,
			);
			defaultConfigurationIsVisible = 0;
			defaultConfigurationName = Release;
		};
/* End XCConfigurationList section */
	};
	rootObject = 58B511D31A9E6C8500147676 /* Project object */;
}
